
Microsoft Visual Studio Solution File, Format Version 12.00
Project("{FAE04EC0-301F-11D3-BF4B-00C04F79EFBC}") = "SRP", "SRP\SRP.csproj", "{80AF25C9-C1BE-4E87-8DB9-239E95CF4162}"
EndProject
Project("{FAE04EC0-301F-11D3-BF4B-00C04F79EFBC}") = "OCP", "OCP\OCP.csproj", "{A4AB4D7D-D018-4180-9E62-B48E82B3EEC8}"
EndProject
Project("{FAE04EC0-301F-11D3-BF4B-00C04F79EFBC}") = "LSP", "LSP\LSP.csproj", "{D520A20A-A0CF-4D10-ACB6-F71DA3DA1338}"
EndProject
Project("{FAE04EC0-301F-11D3-BF4B-00C04F79EFBC}") = "ISP", "ISP\ISP.csproj", "{99087823-6D5D-4BFF-A28E-AB9B92AC966C}"
EndProject
Project("{FAE04EC0-301F-11D3-BF4B-00C04F79EFBC}") = "DIP", "DIP\DIP.csproj", "{9856AE7B-0D6F-48E6-B352-AD21E03A1F42}"
EndProject
Project("{FAE04EC0-301F-11D3-BF4B-00C04F79EFBC}") = "LSP_Test", "LSP_Test\LSP_Test.csproj", "{95A1B694-FBDF-4EF5-92F1-A4B67FA6C742}"
EndProject
Global
	GlobalSection(SolutionConfigurationPlatforms) = preSolution
		Debug|Any CPU = Debug|Any CPU
		Release|Any CPU = Release|Any CPU
	EndGlobalSection
	GlobalSection(ProjectConfigurationPlatforms) = postSolution
		{80AF25C9-C1BE-4E87-8DB9-239E95CF4162}.Debug|Any CPU.ActiveCfg = Debug|Any CPU
		{80AF25C9-C1BE-4E87-8DB9-239E95CF4162}.Debug|Any CPU.Build.0 = Debug|Any CPU
		{80AF25C9-C1BE-4E87-8DB9-239E95CF4162}.Release|Any CPU.ActiveCfg = Release|Any CPU
		{80AF25C9-C1BE-4E87-8DB9-239E95CF4162}.Release|Any CPU.Build.0 = Release|Any CPU
		{A4AB4D7D-D018-4180-9E62-B48E82B3EEC8}.Debug|Any CPU.ActiveCfg = Debug|Any CPU
		{A4AB4D7D-D018-4180-9E62-B48E82B3EEC8}.Debug|Any CPU.Build.0 = Debug|Any CPU
		{A4AB4D7D-D018-4180-9E62-B48E82B3EEC8}.Release|Any CPU.ActiveCfg = Release|Any CPU
		{A4AB4D7D-D018-4180-9E62-B48E82B3EEC8}.Release|Any CPU.Build.0 = Release|Any CPU
		{D520A20A-A0CF-4D10-ACB6-F71DA3DA1338}.Debug|Any CPU.ActiveCfg = Debug|Any CPU
		{D520A20A-A0CF-4D10-ACB6-F71DA3DA1338}.Debug|Any CPU.Build.0 = Debug|Any CPU
		{D520A20A-A0CF-4D10-ACB6-F71DA3DA1338}.Release|Any CPU.ActiveCfg = Release|Any CPU
		{D520A20A-A0CF-4D10-ACB6-F71DA3DA1338}.Release|Any CPU.Build.0 = Release|Any CPU
		{99087823-6D5D-4BFF-A28E-AB9B92AC966C}.Debug|Any CPU.ActiveCfg = Debug|Any CPU
		{99087823-6D5D-4BFF-A28E-AB9B92AC966C}.Debug|Any CPU.Build.0 = Debug|Any CPU
		{99087823-6D5D-4BFF-A28E-AB9B92AC966C}.Release|Any CPU.ActiveCfg = Release|Any CPU
		{99087823-6D5D-4BFF-A28E-AB9B92AC966C}.Release|Any CPU.Build.0 = Release|Any CPU
		{9856AE7B-0D6F-48E6-B352-AD21E03A1F42}.Debug|Any CPU.ActiveCfg = Debug|Any CPU
		{9856AE7B-0D6F-48E6-B352-AD21E03A1F42}.Debug|Any CPU.Build.0 = Debug|Any CPU
		{9856AE7B-0D6F-48E6-B352-AD21E03A1F42}.Release|Any CPU.ActiveCfg = Release|Any CPU
		{9856AE7B-0D6F-48E6-B352-AD21E03A1F42}.Release|Any CPU.Build.0 = Release|Any CPU
		{95A1B694-FBDF-4EF5-92F1-A4B67FA6C742}.Debug|Any CPU.ActiveCfg = Debug|Any CPU
		{95A1B694-FBDF-4EF5-92F1-A4B67FA6C742}.Debug|Any CPU.Build.0 = Debug|Any CPU
		{95A1B694-FBDF-4EF5-92F1-A4B67FA6C742}.Release|Any CPU.ActiveCfg = Release|Any CPU
		{95A1B694-FBDF-4EF5-92F1-A4B67FA6C742}.Release|Any CPU.Build.0 = Release|Any CPU
	EndGlobalSection
EndGlobal
